
Microsoft Visual Studio Solution File, Format Version 12.00
# Visual Studio Version 17
VisualStudioVersion = 17.10.35122.118
MinimumVisualStudioVersion = 10.0.40219.1
Project("{FAE04EC0-301F-11D3-BF4B-00C04F79EFBC}") = "ChatBot", "ChatBot\ChatBot.csproj", "{A112B49B-46C7-401C-A063-C20BEC171A7F}"
EndProject
Global
	GlobalSection(SolutionConfigurationPlatforms) = preSolution
		Debug|Any CPU = Debug|Any CPU
		Release|Any CPU = Release|Any CPU
	EndGlobalSection
	GlobalSection(ProjectConfigurationPlatforms) = postSolution
		{A112B49B-46C7-401C-A063-C20BEC171A7F}.Debug|Any CPU.ActiveCfg = Debug|Any CPU
		{A112B49B-46C7-401C-A063-C20BEC171A7F}.Debug|Any CPU.Build.0 = Debug|Any CPU
		{A112B49B-46C7-401C-A063-C20BEC171A7F}.Release|Any CPU.ActiveCfg = Release|Any CPU
		{A112B49B-46C7-401C-A063-C20BEC171A7F}.Release|Any CPU.Build.0 = Release|Any CPU
	EndGlobalSection
	GlobalSection(SolutionProperties) = preSolution
		HideSolutionNode = FALSE
	EndGlobalSection
	GlobalSection(ExtensibilityGlobals) = postSolution
		SolutionGuid = {2FAA571A-11E0-4BA8-9EAA-D6F58CD6F7C9}
	EndGlobalSection
EndGlobal
